
Microsoft Visual Studio Solution File, Format Version 12.00
# Visual Studio Version 17
VisualStudioVersion = 17.7.34202.233
MinimumVisualStudioVersion = 10.0.40219.1
Project("{FAE04EC0-301F-11D3-BF4B-00C04F79EFBC}") = "DelayerMiddleware", "DelayerMiddleware\DelayerMiddleware.csproj", "{5889D1F7-05EF-4828-945A-CFF1E1025E13}"
EndProject
Project("{FAE04EC0-301F-11D3-BF4B-00C04F79EFBC}") = "DelayerMiddlewareTesting", "DelayerMiddlewareTesting\DelayerMiddlewareTesting\DelayerMiddlewareTesting.csproj", "{A712AB35-33DA-4BDD-930B-A8CB2DC74CD3}"
EndProject
Global
	GlobalSection(SolutionConfigurationPlatforms) = preSolution
		Debug|Any CPU = Debug|Any CPU
		Release|Any CPU = Release|Any CPU
	EndGlobalSection
	GlobalSection(ProjectConfigurationPlatforms) = postSolution
		{5889D1F7-05EF-4828-945A-CFF1E1025E13}.Debug|Any CPU.ActiveCfg = Debug|Any CPU
		{5889D1F7-05EF-4828-945A-CFF1E1025E13}.Debug|Any CPU.Build.0 = Debug|Any CPU
		{5889D1F7-05EF-4828-945A-CFF1E1025E13}.Release|Any CPU.ActiveCfg = Release|Any CPU
		{5889D1F7-05EF-4828-945A-CFF1E1025E13}.Release|Any CPU.Build.0 = Release|Any CPU
		{A712AB35-33DA-4BDD-930B-A8CB2DC74CD3}.Debug|Any CPU.ActiveCfg = Debug|Any CPU
		{A712AB35-33DA-4BDD-930B-A8CB2DC74CD3}.Debug|Any CPU.Build.0 = Debug|Any CPU
		{A712AB35-33DA-4BDD-930B-A8CB2DC74CD3}.Release|Any CPU.ActiveCfg = Release|Any CPU
		{A712AB35-33DA-4BDD-930B-A8CB2DC74CD3}.Release|Any CPU.Build.0 = Release|Any CPU
	EndGlobalSection
	GlobalSection(SolutionProperties) = preSolution
		HideSolutionNode = FALSE
	EndGlobalSection
	GlobalSection(ExtensibilityGlobals) = postSolution
		SolutionGuid = {963A17DB-0A9D-45BF-BF03-9010D3B03E07}
	EndGlobalSection
EndGlobal
