
Microsoft Visual Studio Solution File, Format Version 12.00
Project("{FAE04EC0-301F-11D3-BF4B-00C04F79EFBC}") = "MortgageCalculator", "MortgageCalculator\MortgageCalculator.csproj", "{D7537D5A-A995-4474-B83B-518BA4B86915}"
EndProject
Global
	GlobalSection(SolutionConfigurationPlatforms) = preSolution
		Debug|Any CPU = Debug|Any CPU
		Release|Any CPU = Release|Any CPU
	EndGlobalSection
	GlobalSection(ProjectConfigurationPlatforms) = postSolution
		{D7537D5A-A995-4474-B83B-518BA4B86915}.Debug|Any CPU.ActiveCfg = Debug|Any CPU
		{D7537D5A-A995-4474-B83B-518BA4B86915}.Debug|Any CPU.Build.0 = Debug|Any CPU
		{D7537D5A-A995-4474-B83B-518BA4B86915}.Release|Any CPU.ActiveCfg = Release|Any CPU
		{D7537D5A-A995-4474-B83B-518BA4B86915}.Release|Any CPU.Build.0 = Release|Any CPU
	EndGlobalSection
EndGlobal
